
Microsoft Visual Studio Solution File, Format Version 12.00
# Visual Studio Version 17
VisualStudioVersion = 17.0.32014.148
MinimumVisualStudioVersion = 10.0.40219.1
Project("{FAE04EC0-301F-11D3-BF4B-00C04F79EFBC}") = "COVIDealer", "COVIDealer\COVIDealer.csproj", "{1D1C0C3B-2230-4CBB-AC1B-BDD438B11253}"
EndProject
Project("{54435603-DBB4-11D2-8724-00A0C9A8B90C}") = "COVIDealer 1.0.0", "COVIDealer 1.0.0\COVIDealer 1.0.0.vdproj", "{D12E8BEE-4871-4F28-BE70-37986676568F}"
EndProject
Global
	GlobalSection(SolutionConfigurationPlatforms) = preSolution
		Debug|Any CPU = Debug|Any CPU
		Debug|x64 = Debug|x64
		Debug|x86 = Debug|x86
		Release|Any CPU = Release|Any CPU
		Release|x64 = Release|x64
		Release|x86 = Release|x86
	EndGlobalSection
	GlobalSection(ProjectConfigurationPlatforms) = postSolution
		{1D1C0C3B-2230-4CBB-AC1B-BDD438B11253}.Debug|Any CPU.ActiveCfg = Debug|Any CPU
		{1D1C0C3B-2230-4CBB-AC1B-BDD438B11253}.Debug|Any CPU.Build.0 = Debug|Any CPU
		{1D1C0C3B-2230-4CBB-AC1B-BDD438B11253}.Debug|x64.ActiveCfg = Debug|Any CPU
		{1D1C0C3B-2230-4CBB-AC1B-BDD438B11253}.Debug|x64.Build.0 = Debug|Any CPU
		{1D1C0C3B-2230-4CBB-AC1B-BDD438B11253}.Debug|x86.ActiveCfg = Debug|Any CPU
		{1D1C0C3B-2230-4CBB-AC1B-BDD438B11253}.Debug|x86.Build.0 = Debug|Any CPU
		{1D1C0C3B-2230-4CBB-AC1B-BDD438B11253}.Release|Any CPU.ActiveCfg = Release|Any CPU
		{1D1C0C3B-2230-4CBB-AC1B-BDD438B11253}.Release|Any CPU.Build.0 = Release|Any CPU
		{1D1C0C3B-2230-4CBB-AC1B-BDD438B11253}.Release|x64.ActiveCfg = Release|Any CPU
		{1D1C0C3B-2230-4CBB-AC1B-BDD438B11253}.Release|x64.Build.0 = Release|Any CPU
		{1D1C0C3B-2230-4CBB-AC1B-BDD438B11253}.Release|x86.ActiveCfg = Release|Any CPU
		{1D1C0C3B-2230-4CBB-AC1B-BDD438B11253}.Release|x86.Build.0 = Release|Any CPU
		{D12E8BEE-4871-4F28-BE70-37986676568F}.Debug|Any CPU.ActiveCfg = Debug
		{D12E8BEE-4871-4F28-BE70-37986676568F}.Debug|x64.ActiveCfg = Debug
		{D12E8BEE-4871-4F28-BE70-37986676568F}.Debug|x86.ActiveCfg = Debug
		{D12E8BEE-4871-4F28-BE70-37986676568F}.Release|Any CPU.ActiveCfg = Release
		{D12E8BEE-4871-4F28-BE70-37986676568F}.Release|x64.ActiveCfg = Release
		{D12E8BEE-4871-4F28-BE70-37986676568F}.Release|x86.ActiveCfg = Release
	EndGlobalSection
	GlobalSection(SolutionProperties) = preSolution
		HideSolutionNode = FALSE
	EndGlobalSection
	GlobalSection(ExtensibilityGlobals) = postSolution
		SolutionGuid = {778505E8-3472-42DD-B1AC-982E764A62E2}
	EndGlobalSection
EndGlobal
