
Microsoft Visual Studio Solution File, Format Version 12.00
# Visual Studio Version 17
VisualStudioVersion = 17.0.32014.148
MinimumVisualStudioVersion = 10.0.40219.1
Project("{FAE04EC0-301F-11D3-BF4B-00C04F79EFBC}") = "Herusu", "Herusu\Herusu.csproj", "{242F6A34-0ED5-401C-A7D2-AF6976BEE74A}"
EndProject
Project("{9A19103F-16F7-4668-BE54-9A1E7A4F7556}") = "test", "test\test.csproj", "{88C05B6F-2C5F-4148-8A2A-74FDFF27130A}"
EndProject
Project("{FAE04EC0-301F-11D3-BF4B-00C04F79EFBC}") = "COVIDealer", "COVIDealer\COVIDealer.csproj", "{1D1C0C3B-2230-4CBB-AC1B-BDD438B11253}"
EndProject
Global
	GlobalSection(SolutionConfigurationPlatforms) = preSolution
		Debug|Any CPU = Debug|Any CPU
		Release|Any CPU = Release|Any CPU
	EndGlobalSection
	GlobalSection(ProjectConfigurationPlatforms) = postSolution
		{242F6A34-0ED5-401C-A7D2-AF6976BEE74A}.Debug|Any CPU.ActiveCfg = Debug|Any CPU
		{242F6A34-0ED5-401C-A7D2-AF6976BEE74A}.Debug|Any CPU.Build.0 = Debug|Any CPU
		{242F6A34-0ED5-401C-A7D2-AF6976BEE74A}.Release|Any CPU.ActiveCfg = Release|Any CPU
		{242F6A34-0ED5-401C-A7D2-AF6976BEE74A}.Release|Any CPU.Build.0 = Release|Any CPU
		{88C05B6F-2C5F-4148-8A2A-74FDFF27130A}.Debug|Any CPU.ActiveCfg = Debug|Any CPU
		{88C05B6F-2C5F-4148-8A2A-74FDFF27130A}.Debug|Any CPU.Build.0 = Debug|Any CPU
		{88C05B6F-2C5F-4148-8A2A-74FDFF27130A}.Release|Any CPU.ActiveCfg = Release|Any CPU
		{88C05B6F-2C5F-4148-8A2A-74FDFF27130A}.Release|Any CPU.Build.0 = Release|Any CPU
		{1D1C0C3B-2230-4CBB-AC1B-BDD438B11253}.Debug|Any CPU.ActiveCfg = Debug|Any CPU
		{1D1C0C3B-2230-4CBB-AC1B-BDD438B11253}.Debug|Any CPU.Build.0 = Debug|Any CPU
		{1D1C0C3B-2230-4CBB-AC1B-BDD438B11253}.Release|Any CPU.ActiveCfg = Release|Any CPU
		{1D1C0C3B-2230-4CBB-AC1B-BDD438B11253}.Release|Any CPU.Build.0 = Release|Any CPU
	EndGlobalSection
	GlobalSection(SolutionProperties) = preSolution
		HideSolutionNode = FALSE
	EndGlobalSection
	GlobalSection(ExtensibilityGlobals) = postSolution
		SolutionGuid = {778505E8-3472-42DD-B1AC-982E764A62E2}
	EndGlobalSection
EndGlobal
